// !$*UTF8*$!
{
	archiveVersion = 1;
	classes = {
	};
	objectVersion = 46;
	objects = {

/* Begin PBXBuildFile section */
		213622A01C26C30E00D667C5 /* test.mp3 in Resources */ = {isa = PBXBuildFile; fileRef = 2136229F1C26C30E00D667C5 /* test.mp3 */; };
		213622A31C26C54800D667C5 /* Tracklist.m in Sources */ = {isa = PBXBuildFile; fileRef = 213622A21C26C54800D667C5 /* Tracklist.m */; };
		2145BAE61C26BA010074CADE /* main.m in Sources */ = {isa = PBXBuildFile; fileRef = 2145BAE51C26BA010074CADE /* main.m */; };
		2145BAE91C26BA010074CADE /* AppDelegate.m in Sources */ = {isa = PBXBuildFile; fileRef = 2145BAE81C26BA010074CADE /* AppDelegate.m */; };
		2145BAEC1C26BA010074CADE /* ViewController.m in Sources */ = {isa = PBXBuildFile; fileRef = 2145BAEB1C26BA010074CADE /* ViewController.m */; };
		2145BAEF1C26BA010074CADE /* Main.storyboard in Resources */ = {isa = PBXBuildFile; fileRef = 2145BAED1C26BA010074CADE /* Main.storyboard */; };
		2145BAF11C26BA010074CADE /* Assets.xcassets in Resources */ = {isa = PBXBuildFile; fileRef = 2145BAF01C26BA010074CADE /* Assets.xcassets */; };
		2145BAF41C26BA010074CADE /* LaunchScreen.storyboard in Resources */ = {isa = PBXBuildFile; fileRef = 2145BAF21C26BA010074CADE /* LaunchScreen.storyboard */; };
/* End PBXBuildFile section */

/* Begin PBXFileReference section */
		2136229F1C26C30E00D667C5 /* test.mp3 */ = {isa = PBXFileReference; lastKnownFileType = audio.mp3; path = test.mp3; sourceTree = "<group>"; };
		213622A11C26C50600D667C5 /* Tracklist.h */ = {isa = PBXFileReference; lastKnownFileType = sourcecode.c.h; path = Tracklist.h; sourceTree = "<group>"; };
		213622A21C26C54800D667C5 /* Tracklist.m */ = {isa = PBXFileReference; fileEncoding = 4; lastKnownFileType = sourcecode.c.objc; path = Tracklist.m; sourceTree = "<group>"; };
		2145BAE11C26BA010074CADE /* DevAbo.de.app */ = {isa = PBXFileReference; explicitFileType = wrapper.application; includeInIndex = 0; path = DevAbo.de.app; sourceTree = BUILT_PRODUCTS_DIR; };
		2145BAE51C26BA010074CADE /* main.m */ = {isa = PBXFileReference; lastKnownFileType = sourcecode.c.objc; path = main.m; sourceTree = "<group>"; };
		2145BAE71C26BA010074CADE /* AppDelegate.h */ = {isa = PBXFileReference; lastKnownFileType = sourcecode.c.h; path = AppDelegate.h; sourceTree = "<group>"; };
		2145BAE81C26BA010074CADE /* AppDelegate.m */ = {isa = PBXFileReference; lastKnownFileType = sourcecode.c.objc; path = AppDelegate.m; sourceTree = "<group>"; };
		2145BAEA1C26BA010074CADE /* ViewController.h */ = {isa = PBXFileReference; lastKnownFileType = sourcecode.c.h; path = ViewController.h; sourceTree = "<group>"; };
		2145BAEB1C26BA010074CADE /* ViewController.m */ = {isa = PBXFileReference; lastKnownFileType = sourcecode.c.objc; path = ViewController.m; sourceTree = "<group>"; };
		2145BAEE1C26BA010074CADE /* Base */ = {isa = PBXFileReference; lastKnownFileType = file.storyboard; name = Base; path = Base.lproj/Main.storyboard; sourceTree = "<group>"; };
		2145BAF01C26BA010074CADE /* Assets.xcassets */ = {isa = PBXFileReference; lastKnownFileType = folder.assetcatalog; path = Assets.xcassets; sourceTree = "<group>"; };
		2145BAF31C26BA010074CADE /* Base */ = {isa = PBXFileReference; lastKnownFileType = file.storyboard; name = Base; path = Base.lproj/LaunchScreen.storyboard; sourceTree = "<group>"; };
		2145BAF51C26BA010074CADE /* Info.plist */ = {isa = PBXFileReference; lastKnownFileType = text.plist.xml; path = Info.plist; sourceTree = "<group>"; };
/* End PBXFileReference section */

/* Begin PBXFrameworksBuildPhase section */
		2145BADE1C26BA010074CADE /* Frameworks */ = {
			isa = PBXFrameworksBuildPhase;
			buildActionMask = 2147483647;
			files = (
			);
			runOnlyForDeploymentPostprocessing = 0;
		};
/* End PBXFrameworksBuildPhase section */

/* Begin PBXGroup section */
		2145BAD81C26BA010074CADE = {
			isa = PBXGroup;
			children = (
				2145BAE31C26BA010074CADE /* DevAbo.de */,
				2145BAE21C26BA010074CADE /* Products */,
			);
			sourceTree = "<group>";
		};
		2145BAE21C26BA010074CADE /* Products */ = {
			isa = PBXGroup;
			children = (
				2145BAE11C26BA010074CADE /* DevAbo.de.app */,
			);
			name = Products;
			sourceTree = "<group>";
		};
		2145BAE31C26BA010074CADE /* DevAbo.de */ = {
			isa = PBXGroup;
			children = (
				2145BAE71C26BA010074CADE /* AppDelegate.h */,
				2145BAE81C26BA010074CADE /* AppDelegate.m */,
				2145BAEA1C26BA010074CADE /* ViewController.h */,
				2145BAEB1C26BA010074CADE /* ViewController.m */,
				2145BAED1C26BA010074CADE /* Main.storyboard */,
				2145BAF01C26BA010074CADE /* Assets.xcassets */,
				2145BAF21C26BA010074CADE /* LaunchScreen.storyboard */,
				2145BAF51C26BA010074CADE /* Info.plist */,
				2145BAE41C26BA010074CADE /* Supporting Files */,
				213622A11C26C50600D667C5 /* Tracklist.h */,
				213622A21C26C54800D667C5 /* Tracklist.m */,
			);
			path = DevAbo.de;
			sourceTree = "<group>";
		};
		2145BAE41C26BA010074CADE /* Supporting Files */ = {
			isa = PBXGroup;
			children = (
				2136229F1C26C30E00D667C5 /* test.mp3 */,
				2145BAE51C26BA010074CADE /* main.m */,
			);
			name = "Supporting Files";
			sourceTree = "<group>";
		};
/* End PBXGroup section */

/* Begin PBXNativeTarget section */
		2145BAE01C26BA010074CADE /* DevAbo.de */ = {
			isa = PBXNativeTarget;
			buildConfigurationList = 2145BAF81C26BA010074CADE /* Build configuration list for PBXNativeTarget "DevAbo.de" */;
			buildPhases = (
				2145BADD1C26BA010074CADE /* Sources */,
				2145BADE1C26BA010074CADE /* Frameworks */,
				2145BADF1C26BA010074CADE /* Resources */,
			);
			buildRules = (
			);
			dependencies = (
			);
			name = DevAbo.de;
			productName = DevAbo.de;
			productReference = 2145BAE11C26BA010074CADE /* DevAbo.de.app */;
			productType = "com.apple.product-type.application";
		};
/* End PBXNativeTarget section */

/* Begin PBXProject section */
		2145BAD91C26BA010074CADE /* Project object */ = {
			isa = PBXProject;
			attributes = {
				LastUpgradeCheck = 0720;
				ORGANIZATIONNAME = "Ingmar Drewing";
				TargetAttributes = {
					2145BAE01C26BA010074CADE = {
						CreatedOnToolsVersion = 7.2;
						DevelopmentTeam = ZVZ884J6BD;
					};
				};
			};
			buildConfigurationList = 2145BADC1C26BA010074CADE /* Build configuration list for PBXProject "DevAbo.de" */;
			compatibilityVersion = "Xcode 3.2";
			developmentRegion = English;
			hasScannedForEncodings = 0;
			knownRegions = (
				en,
				Base,
			);
			mainGroup = 2145BAD81C26BA010074CADE;
			productRefGroup = 2145BAE21C26BA010074CADE /* Products */;
			projectDirPath = "";
			projectRoot = "";
			targets = (
				2145BAE01C26BA010074CADE /* DevAbo.de */,
			);
		};
/* End PBXProject section */

/* Begin PBXResourcesBuildPhase section */
		2145BADF1C26BA010074CADE /* Resources */ = {
			isa = PBXResourcesBuildPhase;
			buildActionMask = 2147483647;
			files = (
				2145BAF41C26BA010074CADE /* LaunchScreen.storyboard in Resources */,
				2145BAF11C26BA010074CADE /* Assets.xcassets in Resources */,
				213622A01C26C30E00D667C5 /* test.mp3 in Resources */,
				2145BAEF1C26BA010074CADE /* Main.storyboard in Resources */,
			);
			runOnlyForDeploymentPostprocessing = 0;
		};
/* End PBXResourcesBuildPhase section */

/* Begin PBXSourcesBuildPhase section */
		2145BADD1C26BA010074CADE /* Sources */ = {
			isa = PBXSourcesBuildPhase;
			buildActionMask = 2147483647;
			files = (
				2145BAEC1C26BA010074CADE /* ViewController.m in Sources */,
				2145BAE91C26BA010074CADE /* AppDelegate.m in Sources */,
				2145BAE61C26BA010074CADE /* main.m in Sources */,
				213622A31C26C54800D667C5 /* Tracklist.m in Sources */,
			);
			runOnlyForDeploymentPostprocessing = 0;
		};
/* End PBXSourcesBuildPhase section */

/* Begin PBXVariantGroup section */
		2145BAED1C26BA010074CADE /* Main.storyboard */ = {
			isa = PBXVariantGroup;
			children = (
				2145BAEE1C26BA010074CADE /* Base */,
			);
			name = Main.storyboard;
			sourceTree = "<group>";
		};
		2145BAF21C26BA010074CADE /* LaunchScreen.storyboard */ = {
			isa = PBXVariantGroup;
			children = (
				2145BAF31C26BA010074CADE /* Base */,
			);
			name = LaunchScreen.storyboard;
			sourceTree = "<group>";
		};
/* End PBXVariantGroup section */

/* Begin XCBuildConfiguration section */
		2145BAF61C26BA010074CADE /* Debug */ = {
			isa = XCBuildConfiguration;
			buildSettings = {
				ALWAYS_SEARCH_USER_PATHS = NO;
				CLANG_CXX_LANGUAGE_STANDARD = "gnu++0x";
				CLANG_CXX_LIBRARY = "libc++";
				CLANG_ENABLE_MODULES = YES;
				CLANG_ENABLE_OBJC_ARC = YES;
				CLANG_WARN_BOOL_CONVERSION = YES;
				CLANG_WARN_CONSTANT_CONVERSION = YES;
				CLANG_WARN_DIRECT_OBJC_ISA_USAGE = YES_ERROR;
				CLANG_WARN_EMPTY_BODY = YES;
				CLANG_WARN_ENUM_CONVERSION = YES;
				CLANG_WARN_INT_CONVERSION = YES;
				CLANG_WARN_OBJC_ROOT_CLASS = YES_ERROR;
				CLANG_WARN_UNREACHABLE_CODE = YES;
				CLANG_WARN__DUPLICATE_METHOD_MATCH = YES;
				"CODE_SIGN_IDENTITY[sdk=iphoneos*]" = "iPhone Developer";
				COPY_PHASE_STRIP = NO;
				DEBUG_INFORMATION_FORMAT = dwarf;
				ENABLE_STRICT_OBJC_MSGSEND = YES;
				ENABLE_TESTABILITY = YES;
				GCC_C_LANGUAGE_STANDARD = gnu99;
				GCC_DYNAMIC_NO_PIC = NO;
				GCC_NO_COMMON_BLOCKS = YES;
				GCC_OPTIMIZATION_LEVEL = 0;
				GCC_PREPROCESSOR_DEFINITIONS = (
					"DEBUG=1",
					"$(inherited)",
				);
				GCC_WARN_64_TO_32_BIT_CONVERSION = YES;
				GCC_WARN_ABOUT_RETURN_TYPE = YES_ERROR;
				GCC_WARN_UNDECLARED_SELECTOR = YES;
				GCC_WARN_UNINITIALIZED_AUTOS = YES_AGGRESSIVE;
				GCC_WARN_UNUSED_FUNCTION = YES;
				GCC_WARN_UNUSED_VARIABLE = YES;
				IPHONEOS_DEPLOYMENT_TARGET = 9.2;
				MTL_ENABLE_DEBUG_INFO = YES;
				ONLY_ACTIVE_ARCH = YES;
				SDKROOT = iphoneos;
			};
			name = Debug;
		};
		2145BAF71C26BA010074CADE /* Release */ = {
			isa = XCBuildConfiguration;
			buildSettings = {
				ALWAYS_SEARCH_USER_PATHS = NO;
				CLANG_CXX_LANGUAGE_STANDARD = "gnu++0x";
				CLANG_CXX_LIBRARY = "libc++";
				CLANG_ENABLE_MODULES = YES;
				CLANG_ENABLE_OBJC_ARC = YES;
				CLANG_WARN_BOOL_CONVERSION = YES;
				CLANG_WARN_CONSTANT_CONVERSION = YES;
				CLANG_WARN_DIRECT_OBJC_ISA_USAGE = YES_ERROR;
				CLANG_WARN_EMPTY_BODY = YES;
				CLANG_WARN_ENUM_CONVERSION = YES;
				CLANG_WARN_INT_CONVERSION = YES;
				CLANG_WARN_OBJC_ROOT_CLASS = YES_ERROR;
				CLANG_WARN_UNREACHABLE_CODE = YES;
				CLANG_WARN__DUPLICATE_METHOD_MATCH = YES;
				"CODE_SIGN_IDENTITY[sdk=iphoneos*]" = "iPhone Developer";
				COPY_PHASE_STRIP = NO;
				DEBUG_INFORMATION_FORMAT = "dwarf-with-dsym";
				ENABLE_NS_ASSERTIONS = NO;
				ENABLE_STRICT_OBJC_MSGSEND = YES;
				GCC_C_LANGUAGE_STANDARD = gnu99;
				GCC_NO_COMMON_BLOCKS = YES;
				GCC_WARN_64_TO_32_BIT_CONVERSION = YES;
				GCC_WARN_ABOUT_RETURN_TYPE = YES_ERROR;
				GCC_WARN_UNDECLARED_SELECTOR = YES;
				GCC_WARN_UNINITIALIZED_AUTOS = YES_AGGRESSIVE;
				GCC_WARN_UNUSED_FUNCTION = YES;
				GCC_WARN_UNUSED_VARIABLE = YES;
				IPHONEOS_DEPLOYMENT_TARGET = 9.2;
				MTL_ENABLE_DEBUG_INFO = NO;
				SDKROOT = iphoneos;
				VALIDATE_PRODUCT = YES;
			};
			name = Release;
		};
		2145BAF91C26BA010074CADE /* Debug */ = {
			isa = XCBuildConfiguration;
			buildSettings = {
				ASSETCATALOG_COMPILER_APPICON_NAME = AppIcon;
				INFOPLIST_FILE = DevAbo.de/Info.plist;
				IPHONEOS_DEPLOYMENT_TARGET = 9.1;
				LD_RUNPATH_SEARCH_PATHS = "$(inherited) @executable_path/Frameworks";
				PRODUCT_BUNDLE_IDENTIFIER = "de.drewing.DevAbo-de";
				PRODUCT_NAME = "$(TARGET_NAME)";
			};
			name = Debug;
		};
		2145BAFA1C26BA010074CADE /* Release */ = {
			isa = XCBuildConfiguration;
			buildSettings = {
				ASSETCATALOG_COMPILER_APPICON_NAME = AppIcon;
				INFOPLIST_FILE = DevAbo.de/Info.plist;
				IPHONEOS_DEPLOYMENT_TARGET = 9.1;
				LD_RUNPATH_SEARCH_PATHS = "$(inherited) @executable_path/Frameworks";
				PRODUCT_BUNDLE_IDENTIFIER = "de.drewing.DevAbo-de";
				PRODUCT_NAME = "$(TARGET_NAME)";
			};
			name = Release;
		};
/* End XCBuildConfiguration section */

/* Begin XCConfigurationList section */
		2145BADC1C26BA010074CADE /* Build configuration list for PBXProject "DevAbo.de" */ = {
			isa = XCConfigurationList;
			buildConfigurations = (
				2145BAF61C26BA010074CADE /* Debug */,
				2145BAF71C26BA010074CADE /* Release */,
			);
			defaultConfigurationIsVisible = 0;
			defaultConfigurationName = Release;
		};
		2145BAF81C26BA010074CADE /* Build configuration list for PBXNativeTarget "DevAbo.de" */ = {
			isa = XCConfigurationList;
			buildConfigurations = (
				2145BAF91C26BA010074CADE /* Debug */,
				2145BAFA1C26BA010074CADE /* Release */,
			);
			defaultConfigurationIsVisible = 0;
			defaultConfigurationName = Release;
		};
/* End XCConfigurationList section */
	};
	rootObject = 2145BAD91C26BA010074CADE /* Project object */;
}
